// !$*UTF8*$!
{
	archiveVersion = 1;
	classes = {
	};
	objectVersion = 48;
	objects = {

/* Begin PBXBuildFile section */
		01BB207FEABD53088120154D /* Pods_WetswipeUITests.framework in Frameworks */ = {isa = PBXBuildFile; fileRef = E2C2221179C7AB9D1E57C8FE /* Pods_WetswipeUITests.framework */; };
		B541DD9B74B8BD8C09B5E626 /* Pods_Wetswipe.framework in Frameworks */ = {isa = PBXBuildFile; fileRef = E0D489C07748882A0DB47024 /* Pods_Wetswipe.framework */; };
		D21ADF360C610BB3CD4ABB9B /* Pods_WetswipeTests.framework in Frameworks */ = {isa = PBXBuildFile; fileRef = B2BFC091520E4C3D13CF1824 /* Pods_WetswipeTests.framework */; };
		E90C3DCA212D4BA000E62B40 /* Network.swift in Sources */ = {isa = PBXBuildFile; fileRef = E90C3DC9212D4BA000E62B40 /* Network.swift */; };
		E90C3DCC212D62AD00E62B40 /* ApiResponse.swift in Sources */ = {isa = PBXBuildFile; fileRef = E90C3DCB212D62AD00E62B40 /* ApiResponse.swift */; };
		E90C3DD0212D790D00E62B40 /* ApiResult.swift in Sources */ = {isa = PBXBuildFile; fileRef = E90C3DCF212D790D00E62B40 /* ApiResult.swift */; };
		E9547787212C5E7F0078A569 /* NetworkModels.swift in Sources */ = {isa = PBXBuildFile; fileRef = E9547786212C5E7F0078A569 /* NetworkModels.swift */; };
		E96190942042F1B900923242 /* DiscoveryController.swift in Sources */ = {isa = PBXBuildFile; fileRef = E96190932042F1B900923242 /* DiscoveryController.swift */; };
		E9619098204320EE00923242 /* EditProfileController.swift in Sources */ = {isa = PBXBuildFile; fileRef = E9619097204320EE00923242 /* EditProfileController.swift */; };
		E961909D204361F700923242 /* User.swift in Sources */ = {isa = PBXBuildFile; fileRef = E961909C204361F700923242 /* User.swift */; };
		E961909F204370B300923242 /* ProfileController.swift in Sources */ = {isa = PBXBuildFile; fileRef = E961909E204370B300923242 /* ProfileController.swift */; };
		E96190A1204370CD00923242 /* SettingsController.swift in Sources */ = {isa = PBXBuildFile; fileRef = E96190A0204370CD00923242 /* SettingsController.swift */; };
		E973A563212EAF3000F22FBB /* CreateProfileController.swift in Sources */ = {isa = PBXBuildFile; fileRef = E973A562212EAF3000F22FBB /* CreateProfileController.swift */; };
		E98301512041544B0053254B /* AppDelegate.swift in Sources */ = {isa = PBXBuildFile; fileRef = E98301502041544B0053254B /* AppDelegate.swift */; };
		E98301532041544B0053254B /* ViewController.swift in Sources */ = {isa = PBXBuildFile; fileRef = E98301522041544B0053254B /* ViewController.swift */; };
		E98301562041544B0053254B /* Main.storyboard in Resources */ = {isa = PBXBuildFile; fileRef = E98301542041544B0053254B /* Main.storyboard */; };
		E98301582041544B0053254B /* Assets.xcassets in Resources */ = {isa = PBXBuildFile; fileRef = E98301572041544B0053254B /* Assets.xcassets */; };
		E983015B2041544B0053254B /* LaunchScreen.storyboard in Resources */ = {isa = PBXBuildFile; fileRef = E98301592041544B0053254B /* LaunchScreen.storyboard */; };
		E98301662041544B0053254B /* WetswipeTests.swift in Sources */ = {isa = PBXBuildFile; fileRef = E98301652041544B0053254B /* WetswipeTests.swift */; };
		E98301712041544B0053254B /* WetswipeUITests.swift in Sources */ = {isa = PBXBuildFile; fileRef = E98301702041544B0053254B /* WetswipeUITests.swift */; };
		E983017F204155600053254B /* RegisterController.swift in Sources */ = {isa = PBXBuildFile; fileRef = E983017E2041555F0053254B /* RegisterController.swift */; };
		E983018220415BFF0053254B /* LoginController.swift in Sources */ = {isa = PBXBuildFile; fileRef = E983018120415BFF0053254B /* LoginController.swift */; };
/* End PBXBuildFile section */

/* Begin PBXContainerItemProxy section */
		E98301622041544B0053254B /* PBXContainerItemProxy */ = {
			isa = PBXContainerItemProxy;
			containerPortal = E98301452041544B0053254B /* Project object */;
			proxyType = 1;
			remoteGlobalIDString = E983014C2041544B0053254B;
			remoteInfo = Wetswipe;
		};
		E983016D2041544B0053254B /* PBXContainerItemProxy */ = {
			isa = PBXContainerItemProxy;
			containerPortal = E98301452041544B0053254B /* Project object */;
			proxyType = 1;
			remoteGlobalIDString = E983014C2041544B0053254B;
			remoteInfo = Wetswipe;
		};
/* End PBXContainerItemProxy section */

/* Begin PBXFileReference section */
		38E3A642E5919C7F946DC488 /* Pods-WetswipeTests.debug.xcconfig */ = {isa = PBXFileReference; includeInIndex = 1; lastKnownFileType = text.xcconfig; name = "Pods-WetswipeTests.debug.xcconfig"; path = "Pods/Target Support Files/Pods-WetswipeTests/Pods-WetswipeTests.debug.xcconfig"; sourceTree = "<group>"; };
		5BAB8FD25B1E669562B9CCCF /* Pods-Wetswipe.debug.xcconfig */ = {isa = PBXFileReference; includeInIndex = 1; lastKnownFileType = text.xcconfig; name = "Pods-Wetswipe.debug.xcconfig"; path = "Pods/Target Support Files/Pods-Wetswipe/Pods-Wetswipe.debug.xcconfig"; sourceTree = "<group>"; };
		8C3CC1EF1462E5A3F9322985 /* Pods-WetswipeUITests.debug.xcconfig */ = {isa = PBXFileReference; includeInIndex = 1; lastKnownFileType = text.xcconfig; name = "Pods-WetswipeUITests.debug.xcconfig"; path = "Pods/Target Support Files/Pods-WetswipeUITests/Pods-WetswipeUITests.debug.xcconfig"; sourceTree = "<group>"; };
		8DD94823B88DC4EB4CC5B19D /* Pods-WetswipeUITests.release.xcconfig */ = {isa = PBXFileReference; includeInIndex = 1; lastKnownFileType = text.xcconfig; name = "Pods-WetswipeUITests.release.xcconfig"; path = "Pods/Target Support Files/Pods-WetswipeUITests/Pods-WetswipeUITests.release.xcconfig"; sourceTree = "<group>"; };
		B2BFC091520E4C3D13CF1824 /* Pods_WetswipeTests.framework */ = {isa = PBXFileReference; explicitFileType = wrapper.framework; includeInIndex = 0; path = Pods_WetswipeTests.framework; sourceTree = BUILT_PRODUCTS_DIR; };
		BD5D82EBA5F7A1942A1EF660 /* Pods-Wetswipe.release.xcconfig */ = {isa = PBXFileReference; includeInIndex = 1; lastKnownFileType = text.xcconfig; name = "Pods-Wetswipe.release.xcconfig"; path = "Pods/Target Support Files/Pods-Wetswipe/Pods-Wetswipe.release.xcconfig"; sourceTree = "<group>"; };
		DE6502CBC415C5F5CAE4DF94 /* Pods-WetswipeTests.release.xcconfig */ = {isa = PBXFileReference; includeInIndex = 1; lastKnownFileType = text.xcconfig; name = "Pods-WetswipeTests.release.xcconfig"; path = "Pods/Target Support Files/Pods-WetswipeTests/Pods-WetswipeTests.release.xcconfig"; sourceTree = "<group>"; };
		E0D489C07748882A0DB47024 /* Pods_Wetswipe.framework */ = {isa = PBXFileReference; explicitFileType = wrapper.framework; includeInIndex = 0; path = Pods_Wetswipe.framework; sourceTree = BUILT_PRODUCTS_DIR; };
		E2C2221179C7AB9D1E57C8FE /* Pods_WetswipeUITests.framework */ = {isa = PBXFileReference; explicitFileType = wrapper.framework; includeInIndex = 0; path = Pods_WetswipeUITests.framework; sourceTree = BUILT_PRODUCTS_DIR; };
		E90C3DC9212D4BA000E62B40 /* Network.swift */ = {isa = PBXFileReference; lastKnownFileType = sourcecode.swift; path = Network.swift; sourceTree = "<group>"; };
		E90C3DCB212D62AD00E62B40 /* ApiResponse.swift */ = {isa = PBXFileReference; lastKnownFileType = sourcecode.swift; path = ApiResponse.swift; sourceTree = "<group>"; };
		E90C3DCF212D790D00E62B40 /* ApiResult.swift */ = {isa = PBXFileReference; lastKnownFileType = sourcecode.swift; path = ApiResult.swift; sourceTree = "<group>"; };
		E9547786212C5E7F0078A569 /* NetworkModels.swift */ = {isa = PBXFileReference; lastKnownFileType = sourcecode.swift; path = NetworkModels.swift; sourceTree = "<group>"; };
		E96190932042F1B900923242 /* DiscoveryController.swift */ = {isa = PBXFileReference; lastKnownFileType = sourcecode.swift; path = DiscoveryController.swift; sourceTree = "<group>"; };
		E9619097204320EE00923242 /* EditProfileController.swift */ = {isa = PBXFileReference; lastKnownFileType = sourcecode.swift; path = EditProfileController.swift; sourceTree = "<group>"; };
		E961909C204361F700923242 /* User.swift */ = {isa = PBXFileReference; lastKnownFileType = sourcecode.swift; path = User.swift; sourceTree = "<group>"; };
		E961909E204370B300923242 /* ProfileController.swift */ = {isa = PBXFileReference; lastKnownFileType = sourcecode.swift; path = ProfileController.swift; sourceTree = "<group>"; };
		E96190A0204370CD00923242 /* SettingsController.swift */ = {isa = PBXFileReference; lastKnownFileType = sourcecode.swift; path = SettingsController.swift; sourceTree = "<group>"; };
		E973A562212EAF3000F22FBB /* CreateProfileController.swift */ = {isa = PBXFileReference; lastKnownFileType = sourcecode.swift; path = CreateProfileController.swift; sourceTree = "<group>"; };
		E983014D2041544B0053254B /* Wetswipe.app */ = {isa = PBXFileReference; explicitFileType = wrapper.application; includeInIndex = 0; path = Wetswipe.app; sourceTree = BUILT_PRODUCTS_DIR; };
		E98301502041544B0053254B /* AppDelegate.swift */ = {isa = PBXFileReference; lastKnownFileType = sourcecode.swift; path = AppDelegate.swift; sourceTree = "<group>"; };
		E98301522041544B0053254B /* ViewController.swift */ = {isa = PBXFileReference; lastKnownFileType = sourcecode.swift; path = ViewController.swift; sourceTree = "<group>"; };
		E98301552041544B0053254B /* Base */ = {isa = PBXFileReference; lastKnownFileType = file.storyboard; name = Base; path = Base.lproj/Main.storyboard; sourceTree = "<group>"; };
		E98301572041544B0053254B /* Assets.xcassets */ = {isa = PBXFileReference; lastKnownFileType = folder.assetcatalog; path = Assets.xcassets; sourceTree = "<group>"; };
		E983015A2041544B0053254B /* Base */ = {isa = PBXFileReference; lastKnownFileType = file.storyboard; name = Base; path = Base.lproj/LaunchScreen.storyboard; sourceTree = "<group>"; };
		E983015C2041544B0053254B /* Info.plist */ = {isa = PBXFileReference; lastKnownFileType = text.plist.xml; path = Info.plist; sourceTree = "<group>"; };
		E98301612041544B0053254B /* WetswipeTests.xctest */ = {isa = PBXFileReference; explicitFileType = wrapper.cfbundle; includeInIndex = 0; path = WetswipeTests.xctest; sourceTree = BUILT_PRODUCTS_DIR; };
		E98301652041544B0053254B /* WetswipeTests.swift */ = {isa = PBXFileReference; lastKnownFileType = sourcecode.swift; path = WetswipeTests.swift; sourceTree = "<group>"; };
		E98301672041544B0053254B /* Info.plist */ = {isa = PBXFileReference; lastKnownFileType = text.plist.xml; path = Info.plist; sourceTree = "<group>"; };
		E983016C2041544B0053254B /* WetswipeUITests.xctest */ = {isa = PBXFileReference; explicitFileType = wrapper.cfbundle; includeInIndex = 0; path = WetswipeUITests.xctest; sourceTree = BUILT_PRODUCTS_DIR; };
		E98301702041544B0053254B /* WetswipeUITests.swift */ = {isa = PBXFileReference; lastKnownFileType = sourcecode.swift; path = WetswipeUITests.swift; sourceTree = "<group>"; };
		E98301722041544B0053254B /* Info.plist */ = {isa = PBXFileReference; lastKnownFileType = text.plist.xml; path = Info.plist; sourceTree = "<group>"; };
		E983017E2041555F0053254B /* RegisterController.swift */ = {isa = PBXFileReference; lastKnownFileType = sourcecode.swift; path = RegisterController.swift; sourceTree = "<group>"; };
		E983018120415BFF0053254B /* LoginController.swift */ = {isa = PBXFileReference; lastKnownFileType = sourcecode.swift; path = LoginController.swift; sourceTree = "<group>"; };
/* End PBXFileReference section */

/* Begin PBXFrameworksBuildPhase section */
		E983014A2041544B0053254B /* Frameworks */ = {
			isa = PBXFrameworksBuildPhase;
			buildActionMask = 2147483647;
			files = (
				B541DD9B74B8BD8C09B5E626 /* Pods_Wetswipe.framework in Frameworks */,
			);
			runOnlyForDeploymentPostprocessing = 0;
		};
		E983015E2041544B0053254B /* Frameworks */ = {
			isa = PBXFrameworksBuildPhase;
			buildActionMask = 2147483647;
			files = (
				D21ADF360C610BB3CD4ABB9B /* Pods_WetswipeTests.framework in Frameworks */,
			);
			runOnlyForDeploymentPostprocessing = 0;
		};
		E98301692041544B0053254B /* Frameworks */ = {
			isa = PBXFrameworksBuildPhase;
			buildActionMask = 2147483647;
			files = (
				01BB207FEABD53088120154D /* Pods_WetswipeUITests.framework in Frameworks */,
			);
			runOnlyForDeploymentPostprocessing = 0;
		};
/* End PBXFrameworksBuildPhase section */

/* Begin PBXGroup section */
		83CB046E31596F8938DEFF05 /* Pods */ = {
			isa = PBXGroup;
			children = (
				5BAB8FD25B1E669562B9CCCF /* Pods-Wetswipe.debug.xcconfig */,
				BD5D82EBA5F7A1942A1EF660 /* Pods-Wetswipe.release.xcconfig */,
				38E3A642E5919C7F946DC488 /* Pods-WetswipeTests.debug.xcconfig */,
				DE6502CBC415C5F5CAE4DF94 /* Pods-WetswipeTests.release.xcconfig */,
				8C3CC1EF1462E5A3F9322985 /* Pods-WetswipeUITests.debug.xcconfig */,
				8DD94823B88DC4EB4CC5B19D /* Pods-WetswipeUITests.release.xcconfig */,
			);
			name = Pods;
			sourceTree = "<group>";
		};
		E90C3DC8212D4AE900E62B40 /* network */ = {
			isa = PBXGroup;
			children = (
				E90C3DC9212D4BA000E62B40 /* Network.swift */,
				E90C3DCB212D62AD00E62B40 /* ApiResponse.swift */,
				E90C3DCF212D790D00E62B40 /* ApiResult.swift */,
			);
			path = network;
			sourceTree = "<group>";
		};
		E961909920435C0300923242 /* models */ = {
			isa = PBXGroup;
			children = (
				E961909C204361F700923242 /* User.swift */,
				E9547786212C5E7F0078A569 /* NetworkModels.swift */,
			);
			path = models;
			sourceTree = "<group>";
		};
		E98301442041544B0053254B = {
			isa = PBXGroup;
			children = (
				E983014F2041544B0053254B /* Wetswipe */,
				E98301642041544B0053254B /* WetswipeTests */,
				E983016F2041544B0053254B /* WetswipeUITests */,
				E983014E2041544B0053254B /* Products */,
				83CB046E31596F8938DEFF05 /* Pods */,
				F66E5036A758BF80FD444323 /* Frameworks */,
			);
			sourceTree = "<group>";
		};
		E983014E2041544B0053254B /* Products */ = {
			isa = PBXGroup;
			children = (
				E983014D2041544B0053254B /* Wetswipe.app */,
				E98301612041544B0053254B /* WetswipeTests.xctest */,
				E983016C2041544B0053254B /* WetswipeUITests.xctest */,
			);
			name = Products;
			sourceTree = "<group>";
		};
		E983014F2041544B0053254B /* Wetswipe */ = {
			isa = PBXGroup;
			children = (
				E90C3DC8212D4AE900E62B40 /* network */,
				E961909920435C0300923242 /* models */,
				E9830180204155730053254B /* controllers */,
				E98301502041544B0053254B /* AppDelegate.swift */,
				E98301522041544B0053254B /* ViewController.swift */,
				E98301542041544B0053254B /* Main.storyboard */,
				E98301572041544B0053254B /* Assets.xcassets */,
				E98301592041544B0053254B /* LaunchScreen.storyboard */,
				E983015C2041544B0053254B /* Info.plist */,
			);
			path = Wetswipe;
			sourceTree = "<group>";
		};
		E98301642041544B0053254B /* WetswipeTests */ = {
			isa = PBXGroup;
			children = (
				E98301652041544B0053254B /* WetswipeTests.swift */,
				E98301672041544B0053254B /* Info.plist */,
			);
			path = WetswipeTests;
			sourceTree = "<group>";
		};
		E983016F2041544B0053254B /* WetswipeUITests */ = {
			isa = PBXGroup;
			children = (
				E98301702041544B0053254B /* WetswipeUITests.swift */,
				E98301722041544B0053254B /* Info.plist */,
			);
			path = WetswipeUITests;
			sourceTree = "<group>";
		};
		E9830180204155730053254B /* controllers */ = {
			isa = PBXGroup;
			children = (
				E983018120415BFF0053254B /* LoginController.swift */,
				E983017E2041555F0053254B /* RegisterController.swift */,
				E96190932042F1B900923242 /* DiscoveryController.swift */,
				E9619097204320EE00923242 /* EditProfileController.swift */,
				E961909E204370B300923242 /* ProfileController.swift */,
				E96190A0204370CD00923242 /* SettingsController.swift */,
				E973A562212EAF3000F22FBB /* CreateProfileController.swift */,
			);
			path = controllers;
			sourceTree = "<group>";
		};
		F66E5036A758BF80FD444323 /* Frameworks */ = {
			isa = PBXGroup;
			children = (
				E0D489C07748882A0DB47024 /* Pods_Wetswipe.framework */,
				B2BFC091520E4C3D13CF1824 /* Pods_WetswipeTests.framework */,
				E2C2221179C7AB9D1E57C8FE /* Pods_WetswipeUITests.framework */,
			);
			name = Frameworks;
			sourceTree = "<group>";
		};
/* End PBXGroup section */

/* Begin PBXNativeTarget section */
		E983014C2041544B0053254B /* Wetswipe */ = {
			isa = PBXNativeTarget;
			buildConfigurationList = E98301752041544B0053254B /* Build configuration list for PBXNativeTarget "Wetswipe" */;
			buildPhases = (
				4D13495336B5B25FE1518437 /* [CP] Check Pods Manifest.lock */,
				E98301492041544B0053254B /* Sources */,
				E983014A2041544B0053254B /* Frameworks */,
				E983014B2041544B0053254B /* Resources */,
				1632C56E74945606732B3DD0 /* [CP] Embed Pods Frameworks */,
				86D1C851F9942519A8C3E61C /* [CP] Copy Pods Resources */,
			);
			buildRules = (
			);
			dependencies = (
			);
			name = Wetswipe;
			productName = Wetswipe;
			productReference = E983014D2041544B0053254B /* Wetswipe.app */;
			productType = "com.apple.product-type.application";
		};
		E98301602041544B0053254B /* WetswipeTests */ = {
			isa = PBXNativeTarget;
			buildConfigurationList = E98301782041544B0053254B /* Build configuration list for PBXNativeTarget "WetswipeTests" */;
			buildPhases = (
				78F53B5C48EC8085AB39FEAD /* [CP] Check Pods Manifest.lock */,
				E983015D2041544B0053254B /* Sources */,
				E983015E2041544B0053254B /* Frameworks */,
				E983015F2041544B0053254B /* Resources */,
				348FDA302884820B16FC587E /* [CP] Embed Pods Frameworks */,
				BCA84CEDE39A54E1E6AC613C /* [CP] Copy Pods Resources */,
			);
			buildRules = (
			);
			dependencies = (
				E98301632041544B0053254B /* PBXTargetDependency */,
			);
			name = WetswipeTests;
			productName = WetswipeTests;
			productReference = E98301612041544B0053254B /* WetswipeTests.xctest */;
			productType = "com.apple.product-type.bundle.unit-test";
		};
		E983016B2041544B0053254B /* WetswipeUITests */ = {
			isa = PBXNativeTarget;
			buildConfigurationList = E983017B2041544B0053254B /* Build configuration list for PBXNativeTarget "WetswipeUITests" */;
			buildPhases = (
				1386B3245510F9F6CE88B58A /* [CP] Check Pods Manifest.lock */,
				E98301682041544B0053254B /* Sources */,
				E98301692041544B0053254B /* Frameworks */,
				E983016A2041544B0053254B /* Resources */,
				1C419BEC0DDE743C728AF3C6 /* [CP] Embed Pods Frameworks */,
				F91AFB54E2BE030E363E2700 /* [CP] Copy Pods Resources */,
			);
			buildRules = (
			);
			dependencies = (
				E983016E2041544B0053254B /* PBXTargetDependency */,
			);
			name = WetswipeUITests;
			productName = WetswipeUITests;
			productReference = E983016C2041544B0053254B /* WetswipeUITests.xctest */;
			productType = "com.apple.product-type.bundle.ui-testing";
		};
/* End PBXNativeTarget section */

/* Begin PBXProject section */
		E98301452041544B0053254B /* Project object */ = {
			isa = PBXProject;
			attributes = {
				LastSwiftUpdateCheck = 0920;
				LastUpgradeCheck = 0920;
				ORGANIZATIONNAME = "Adrià Bosch Saez";
				TargetAttributes = {
					E983014C2041544B0053254B = {
						CreatedOnToolsVersion = 9.2;
						ProvisioningStyle = Automatic;
					};
					E98301602041544B0053254B = {
						CreatedOnToolsVersion = 9.2;
						ProvisioningStyle = Automatic;
						TestTargetID = E983014C2041544B0053254B;
					};
					E983016B2041544B0053254B = {
						CreatedOnToolsVersion = 9.2;
						ProvisioningStyle = Automatic;
						TestTargetID = E983014C2041544B0053254B;
					};
				};
			};
			buildConfigurationList = E98301482041544B0053254B /* Build configuration list for PBXProject "Wetswipe" */;
			compatibilityVersion = "Xcode 8.0";
			developmentRegion = en;
			hasScannedForEncodings = 0;
			knownRegions = (
				en,
				Base,
			);
			mainGroup = E98301442041544B0053254B;
			productRefGroup = E983014E2041544B0053254B /* Products */;
			projectDirPath = "";
			projectRoot = "";
			targets = (
				E983014C2041544B0053254B /* Wetswipe */,
				E98301602041544B0053254B /* WetswipeTests */,
				E983016B2041544B0053254B /* WetswipeUITests */,
			);
		};
/* End PBXProject section */

/* Begin PBXResourcesBuildPhase section */
		E983014B2041544B0053254B /* Resources */ = {
			isa = PBXResourcesBuildPhase;
			buildActionMask = 2147483647;
			files = (
				E983015B2041544B0053254B /* LaunchScreen.storyboard in Resources */,
				E98301582041544B0053254B /* Assets.xcassets in Resources */,
				E98301562041544B0053254B /* Main.storyboard in Resources */,
			);
			runOnlyForDeploymentPostprocessing = 0;
		};
		E983015F2041544B0053254B /* Resources */ = {
			isa = PBXResourcesBuildPhase;
			buildActionMask = 2147483647;
			files = (
			);
			runOnlyForDeploymentPostprocessing = 0;
		};
		E983016A2041544B0053254B /* Resources */ = {
			isa = PBXResourcesBuildPhase;
			buildActionMask = 2147483647;
			files = (
			);
			runOnlyForDeploymentPostprocessing = 0;
		};
/* End PBXResourcesBuildPhase section */

/* Begin PBXShellScriptBuildPhase section */
		1386B3245510F9F6CE88B58A /* [CP] Check Pods Manifest.lock */ = {
			isa = PBXShellScriptBuildPhase;
			buildActionMask = 2147483647;
			files = (
			);
			inputPaths = (
				"${PODS_PODFILE_DIR_PATH}/Podfile.lock",
				"${PODS_ROOT}/Manifest.lock",
			);
			name = "[CP] Check Pods Manifest.lock";
			outputPaths = (
				"$(DERIVED_FILE_DIR)/Pods-WetswipeUITests-checkManifestLockResult.txt",
			);
			runOnlyForDeploymentPostprocessing = 0;
			shellPath = /bin/sh;
			shellScript = "diff \"${PODS_PODFILE_DIR_PATH}/Podfile.lock\" \"${PODS_ROOT}/Manifest.lock\" > /dev/null\nif [ $? != 0 ] ; then\n    # print error to STDERR\n    echo \"error: The sandbox is not in sync with the Podfile.lock. Run 'pod install' or update your CocoaPods installation.\" >&2\n    exit 1\nfi\n# This output is used by Xcode 'outputs' to avoid re-running this script phase.\necho \"SUCCESS\" > \"${SCRIPT_OUTPUT_FILE_0}\"\n";
			showEnvVarsInLog = 0;
		};
		1632C56E74945606732B3DD0 /* [CP] Embed Pods Frameworks */ = {
			isa = PBXShellScriptBuildPhase;
			buildActionMask = 2147483647;
			files = (
			);
			inputPaths = (
				"${SRCROOT}/Pods/Target Support Files/Pods-Wetswipe/Pods-Wetswipe-frameworks.sh",
				"${BUILT_PRODUCTS_DIR}/Koloda/Koloda.framework",
				"${BUILT_PRODUCTS_DIR}/SDWebImage/SDWebImage.framework",
				"${BUILT_PRODUCTS_DIR}/pop/pop.framework",
			);
			name = "[CP] Embed Pods Frameworks";
			outputPaths = (
				"${TARGET_BUILD_DIR}/${FRAMEWORKS_FOLDER_PATH}/Koloda.framework",
				"${TARGET_BUILD_DIR}/${FRAMEWORKS_FOLDER_PATH}/SDWebImage.framework",
				"${TARGET_BUILD_DIR}/${FRAMEWORKS_FOLDER_PATH}/pop.framework",
			);
			runOnlyForDeploymentPostprocessing = 0;
			shellPath = /bin/sh;
			shellScript = "\"${SRCROOT}/Pods/Target Support Files/Pods-Wetswipe/Pods-Wetswipe-frameworks.sh\"\n";
			showEnvVarsInLog = 0;
		};
		1C419BEC0DDE743C728AF3C6 /* [CP] Embed Pods Frameworks */ = {
			isa = PBXShellScriptBuildPhase;
			buildActionMask = 2147483647;
			files = (
			);
			inputPaths = (
			);
			name = "[CP] Embed Pods Frameworks";
			outputPaths = (
			);
			runOnlyForDeploymentPostprocessing = 0;
			shellPath = /bin/sh;
			shellScript = "\"${SRCROOT}/Pods/Target Support Files/Pods-WetswipeUITests/Pods-WetswipeUITests-frameworks.sh\"\n";
			showEnvVarsInLog = 0;
		};
		348FDA302884820B16FC587E /* [CP] Embed Pods Frameworks */ = {
			isa = PBXShellScriptBuildPhase;
			buildActionMask = 2147483647;
			files = (
			);
			inputPaths = (
			);
			name = "[CP] Embed Pods Frameworks";
			outputPaths = (
			);
			runOnlyForDeploymentPostprocessing = 0;
			shellPath = /bin/sh;
			shellScript = "\"${SRCROOT}/Pods/Target Support Files/Pods-WetswipeTests/Pods-WetswipeTests-frameworks.sh\"\n";
			showEnvVarsInLog = 0;
		};
		4D13495336B5B25FE1518437 /* [CP] Check Pods Manifest.lock */ = {
			isa = PBXShellScriptBuildPhase;
			buildActionMask = 2147483647;
			files = (
			);
			inputPaths = (
				"${PODS_PODFILE_DIR_PATH}/Podfile.lock",
				"${PODS_ROOT}/Manifest.lock",
			);
			name = "[CP] Check Pods Manifest.lock";
			outputPaths = (
				"$(DERIVED_FILE_DIR)/Pods-Wetswipe-checkManifestLockResult.txt",
			);
			runOnlyForDeploymentPostprocessing = 0;
			shellPath = /bin/sh;
			shellScript = "diff \"${PODS_PODFILE_DIR_PATH}/Podfile.lock\" \"${PODS_ROOT}/Manifest.lock\" > /dev/null\nif [ $? != 0 ] ; then\n    # print error to STDERR\n    echo \"error: The sandbox is not in sync with the Podfile.lock. Run 'pod install' or update your CocoaPods installation.\" >&2\n    exit 1\nfi\n# This output is used by Xcode 'outputs' to avoid re-running this script phase.\necho \"SUCCESS\" > \"${SCRIPT_OUTPUT_FILE_0}\"\n";
			showEnvVarsInLog = 0;
		};
		78F53B5C48EC8085AB39FEAD /* [CP] Check Pods Manifest.lock */ = {
			isa = PBXShellScriptBuildPhase;
			buildActionMask = 2147483647;
			files = (
			);
			inputPaths = (
				"${PODS_PODFILE_DIR_PATH}/Podfile.lock",
				"${PODS_ROOT}/Manifest.lock",
			);
			name = "[CP] Check Pods Manifest.lock";
			outputPaths = (
				"$(DERIVED_FILE_DIR)/Pods-WetswipeTests-checkManifestLockResult.txt",
			);
			runOnlyForDeploymentPostprocessing = 0;
			shellPath = /bin/sh;
			shellScript = "diff \"${PODS_PODFILE_DIR_PATH}/Podfile.lock\" \"${PODS_ROOT}/Manifest.lock\" > /dev/null\nif [ $? != 0 ] ; then\n    # print error to STDERR\n    echo \"error: The sandbox is not in sync with the Podfile.lock. Run 'pod install' or update your CocoaPods installation.\" >&2\n    exit 1\nfi\n# This output is used by Xcode 'outputs' to avoid re-running this script phase.\necho \"SUCCESS\" > \"${SCRIPT_OUTPUT_FILE_0}\"\n";
			showEnvVarsInLog = 0;
		};
		86D1C851F9942519A8C3E61C /* [CP] Copy Pods Resources */ = {
			isa = PBXShellScriptBuildPhase;
			buildActionMask = 2147483647;
			files = (
			);
			inputPaths = (
			);
			name = "[CP] Copy Pods Resources";
			outputPaths = (
			);
			runOnlyForDeploymentPostprocessing = 0;
			shellPath = /bin/sh;
			shellScript = "\"${SRCROOT}/Pods/Target Support Files/Pods-Wetswipe/Pods-Wetswipe-resources.sh\"\n";
			showEnvVarsInLog = 0;
		};
		BCA84CEDE39A54E1E6AC613C /* [CP] Copy Pods Resources */ = {
			isa = PBXShellScriptBuildPhase;
			buildActionMask = 2147483647;
			files = (
			);
			inputPaths = (
			);
			name = "[CP] Copy Pods Resources";
			outputPaths = (
			);
			runOnlyForDeploymentPostprocessing = 0;
			shellPath = /bin/sh;
			shellScript = "\"${SRCROOT}/Pods/Target Support Files/Pods-WetswipeTests/Pods-WetswipeTests-resources.sh\"\n";
			showEnvVarsInLog = 0;
		};
		F91AFB54E2BE030E363E2700 /* [CP] Copy Pods Resources */ = {
			isa = PBXShellScriptBuildPhase;
			buildActionMask = 2147483647;
			files = (
			);
			inputPaths = (
			);
			name = "[CP] Copy Pods Resources";
			outputPaths = (
			);
			runOnlyForDeploymentPostprocessing = 0;
			shellPath = /bin/sh;
			shellScript = "\"${SRCROOT}/Pods/Target Support Files/Pods-WetswipeUITests/Pods-WetswipeUITests-resources.sh\"\n";
			showEnvVarsInLog = 0;
		};
/* End PBXShellScriptBuildPhase section */

/* Begin PBXSourcesBuildPhase section */
		E98301492041544B0053254B /* Sources */ = {
			isa = PBXSourcesBuildPhase;
			buildActionMask = 2147483647;
			files = (
				E9547787212C5E7F0078A569 /* NetworkModels.swift in Sources */,
				E96190A1204370CD00923242 /* SettingsController.swift in Sources */,
				E96190942042F1B900923242 /* DiscoveryController.swift in Sources */,
				E9619098204320EE00923242 /* EditProfileController.swift in Sources */,
				E98301532041544B0053254B /* ViewController.swift in Sources */,
				E973A563212EAF3000F22FBB /* CreateProfileController.swift in Sources */,
				E90C3DCA212D4BA000E62B40 /* Network.swift in Sources */,
				E983018220415BFF0053254B /* LoginController.swift in Sources */,
				E98301512041544B0053254B /* AppDelegate.swift in Sources */,
				E983017F204155600053254B /* RegisterController.swift in Sources */,
				E90C3DCC212D62AD00E62B40 /* ApiResponse.swift in Sources */,
				E90C3DD0212D790D00E62B40 /* ApiResult.swift in Sources */,
				E961909D204361F700923242 /* User.swift in Sources */,
				E961909F204370B300923242 /* ProfileController.swift in Sources */,
			);
			runOnlyForDeploymentPostprocessing = 0;
		};
		E983015D2041544B0053254B /* Sources */ = {
			isa = PBXSourcesBuildPhase;
			buildActionMask = 2147483647;
			files = (
				E98301662041544B0053254B /* WetswipeTests.swift in Sources */,
			);
			runOnlyForDeploymentPostprocessing = 0;
		};
		E98301682041544B0053254B /* Sources */ = {
			isa = PBXSourcesBuildPhase;
			buildActionMask = 2147483647;
			files = (
				E98301712041544B0053254B /* WetswipeUITests.swift in Sources */,
			);
			runOnlyForDeploymentPostprocessing = 0;
		};
/* End PBXSourcesBuildPhase section */

/* Begin PBXTargetDependency section */
		E98301632041544B0053254B /* PBXTargetDependency */ = {
			isa = PBXTargetDependency;
			target = E983014C2041544B0053254B /* Wetswipe */;
			targetProxy = E98301622041544B0053254B /* PBXContainerItemProxy */;
		};
		E983016E2041544B0053254B /* PBXTargetDependency */ = {
			isa = PBXTargetDependency;
			target = E983014C2041544B0053254B /* Wetswipe */;
			targetProxy = E983016D2041544B0053254B /* PBXContainerItemProxy */;
		};
/* End PBXTargetDependency section */

/* Begin PBXVariantGroup section */
		E98301542041544B0053254B /* Main.storyboard */ = {
			isa = PBXVariantGroup;
			children = (
				E98301552041544B0053254B /* Base */,
			);
			name = Main.storyboard;
			sourceTree = "<group>";
		};
		E98301592041544B0053254B /* LaunchScreen.storyboard */ = {
			isa = PBXVariantGroup;
			children = (
				E983015A2041544B0053254B /* Base */,
			);
			name = LaunchScreen.storyboard;
			sourceTree = "<group>";
		};
/* End PBXVariantGroup section */

/* Begin XCBuildConfiguration section */
		E98301732041544B0053254B /* Debug */ = {
			isa = XCBuildConfiguration;
			buildSettings = {
				ALWAYS_SEARCH_USER_PATHS = NO;
				CLANG_ANALYZER_NONNULL = YES;
				CLANG_ANALYZER_NUMBER_OBJECT_CONVERSION = YES_AGGRESSIVE;
				CLANG_CXX_LANGUAGE_STANDARD = "gnu++14";
				CLANG_CXX_LIBRARY = "libc++";
				CLANG_ENABLE_MODULES = YES;
				CLANG_ENABLE_OBJC_ARC = YES;
				CLANG_WARN_BLOCK_CAPTURE_AUTORELEASING = YES;
				CLANG_WARN_BOOL_CONVERSION = YES;
				CLANG_WARN_COMMA = YES;
				CLANG_WARN_CONSTANT_CONVERSION = YES;
				CLANG_WARN_DIRECT_OBJC_ISA_USAGE = YES_ERROR;
				CLANG_WARN_DOCUMENTATION_COMMENTS = YES;
				CLANG_WARN_EMPTY_BODY = YES;
				CLANG_WARN_ENUM_CONVERSION = YES;
				CLANG_WARN_INFINITE_RECURSION = YES;
				CLANG_WARN_INT_CONVERSION = YES;
				CLANG_WARN_NON_LITERAL_NULL_CONVERSION = YES;
				CLANG_WARN_OBJC_LITERAL_CONVERSION = YES;
				CLANG_WARN_OBJC_ROOT_CLASS = YES_ERROR;
				CLANG_WARN_RANGE_LOOP_ANALYSIS = YES;
				CLANG_WARN_STRICT_PROTOTYPES = YES;
				CLANG_WARN_SUSPICIOUS_MOVE = YES;
				CLANG_WARN_UNGUARDED_AVAILABILITY = YES_AGGRESSIVE;
				CLANG_WARN_UNREACHABLE_CODE = YES;
				CLANG_WARN__DUPLICATE_METHOD_MATCH = YES;
				CODE_SIGN_IDENTITY = "iPhone Developer";
				COPY_PHASE_STRIP = NO;
				DEBUG_INFORMATION_FORMAT = dwarf;
				ENABLE_STRICT_OBJC_MSGSEND = YES;
				ENABLE_TESTABILITY = YES;
				GCC_C_LANGUAGE_STANDARD = gnu11;
				GCC_DYNAMIC_NO_PIC = NO;
				GCC_NO_COMMON_BLOCKS = YES;
				GCC_OPTIMIZATION_LEVEL = 0;
				GCC_PREPROCESSOR_DEFINITIONS = (
					"DEBUG=1",
					"$(inherited)",
				);
				GCC_WARN_64_TO_32_BIT_CONVERSION = YES;
				GCC_WARN_ABOUT_RETURN_TYPE = YES_ERROR;
				GCC_WARN_UNDECLARED_SELECTOR = YES;
				GCC_WARN_UNINITIALIZED_AUTOS = YES_AGGRESSIVE;
				GCC_WARN_UNUSED_FUNCTION = YES;
				GCC_WARN_UNUSED_VARIABLE = YES;
				IPHONEOS_DEPLOYMENT_TARGET = 11.2;
				MTL_ENABLE_DEBUG_INFO = YES;
				ONLY_ACTIVE_ARCH = YES;
				SDKROOT = iphoneos;
				SWIFT_ACTIVE_COMPILATION_CONDITIONS = DEBUG;
				SWIFT_OPTIMIZATION_LEVEL = "-Onone";
			};
			name = Debug;
		};
		E98301742041544B0053254B /* Release */ = {
			isa = XCBuildConfiguration;
			buildSettings = {
				ALWAYS_SEARCH_USER_PATHS = NO;
				CLANG_ANALYZER_NONNULL = YES;
				CLANG_ANALYZER_NUMBER_OBJECT_CONVERSION = YES_AGGRESSIVE;
				CLANG_CXX_LANGUAGE_STANDARD = "gnu++14";
				CLANG_CXX_LIBRARY = "libc++";
				CLANG_ENABLE_MODULES = YES;
				CLANG_ENABLE_OBJC_ARC = YES;
				CLANG_WARN_BLOCK_CAPTURE_AUTORELEASING = YES;
				CLANG_WARN_BOOL_CONVERSION = YES;
				CLANG_WARN_COMMA = YES;
				CLANG_WARN_CONSTANT_CONVERSION = YES;
				CLANG_WARN_DIRECT_OBJC_ISA_USAGE = YES_ERROR;
				CLANG_WARN_DOCUMENTATION_COMMENTS = YES;
				CLANG_WARN_EMPTY_BODY = YES;
				CLANG_WARN_ENUM_CONVERSION = YES;
				CLANG_WARN_INFINITE_RECURSION = YES;
				CLANG_WARN_INT_CONVERSION = YES;
				CLANG_WARN_NON_LITERAL_NULL_CONVERSION = YES;
				CLANG_WARN_OBJC_LITERAL_CONVERSION = YES;
				CLANG_WARN_OBJC_ROOT_CLASS = YES_ERROR;
				CLANG_WARN_RANGE_LOOP_ANALYSIS = YES;
				CLANG_WARN_STRICT_PROTOTYPES = YES;
				CLANG_WARN_SUSPICIOUS_MOVE = YES;
				CLANG_WARN_UNGUARDED_AVAILABILITY = YES_AGGRESSIVE;
				CLANG_WARN_UNREACHABLE_CODE = YES;
				CLANG_WARN__DUPLICATE_METHOD_MATCH = YES;
				CODE_SIGN_IDENTITY = "iPhone Developer";
				COPY_PHASE_STRIP = NO;
				DEBUG_INFORMATION_FORMAT = "dwarf-with-dsym";
				ENABLE_NS_ASSERTIONS = NO;
				ENABLE_STRICT_OBJC_MSGSEND = YES;
				GCC_C_LANGUAGE_STANDARD = gnu11;
				GCC_NO_COMMON_BLOCKS = YES;
				GCC_WARN_64_TO_32_BIT_CONVERSION = YES;
				GCC_WARN_ABOUT_RETURN_TYPE = YES_ERROR;
				GCC_WARN_UNDECLARED_SELECTOR = YES;
				GCC_WARN_UNINITIALIZED_AUTOS = YES_AGGRESSIVE;
				GCC_WARN_UNUSED_FUNCTION = YES;
				GCC_WARN_UNUSED_VARIABLE = YES;
				IPHONEOS_DEPLOYMENT_TARGET = 11.2;
				MTL_ENABLE_DEBUG_INFO = NO;
				SDKROOT = iphoneos;
				SWIFT_OPTIMIZATION_LEVEL = "-Owholemodule";
				VALIDATE_PRODUCT = YES;
			};
			name = Release;
		};
		E98301762041544B0053254B /* Debug */ = {
			isa = XCBuildConfiguration;
			baseConfigurationReference = 5BAB8FD25B1E669562B9CCCF /* Pods-Wetswipe.debug.xcconfig */;
			buildSettings = {
				ASSETCATALOG_COMPILER_APPICON_NAME = AppIcon;
				CODE_SIGN_STYLE = Automatic;
				INFOPLIST_FILE = Wetswipe/Info.plist;
				LD_RUNPATH_SEARCH_PATHS = "$(inherited) @executable_path/Frameworks";
				PRODUCT_BUNDLE_IDENTIFIER = LaSalle.Wetswipe;
				PRODUCT_NAME = "$(TARGET_NAME)";
				SWIFT_VERSION = 4.0;
				TARGETED_DEVICE_FAMILY = "1,2";
			};
			name = Debug;
		};
		E98301772041544B0053254B /* Release */ = {
			isa = XCBuildConfiguration;
			baseConfigurationReference = BD5D82EBA5F7A1942A1EF660 /* Pods-Wetswipe.release.xcconfig */;
			buildSettings = {
				ASSETCATALOG_COMPILER_APPICON_NAME = AppIcon;
				CODE_SIGN_STYLE = Automatic;
				INFOPLIST_FILE = Wetswipe/Info.plist;
				LD_RUNPATH_SEARCH_PATHS = "$(inherited) @executable_path/Frameworks";
				PRODUCT_BUNDLE_IDENTIFIER = LaSalle.Wetswipe;
				PRODUCT_NAME = "$(TARGET_NAME)";
				SWIFT_VERSION = 4.0;
				TARGETED_DEVICE_FAMILY = "1,2";
			};
			name = Release;
		};
		E98301792041544B0053254B /* Debug */ = {
			isa = XCBuildConfiguration;
			baseConfigurationReference = 38E3A642E5919C7F946DC488 /* Pods-WetswipeTests.debug.xcconfig */;
			buildSettings = {
				ALWAYS_EMBED_SWIFT_STANDARD_LIBRARIES = YES;
				BUNDLE_LOADER = "$(TEST_HOST)";
				CODE_SIGN_STYLE = Automatic;
				INFOPLIST_FILE = WetswipeTests/Info.plist;
				LD_RUNPATH_SEARCH_PATHS = "$(inherited) @executable_path/Frameworks @loader_path/Frameworks";
				PRODUCT_BUNDLE_IDENTIFIER = LaSalle.WetswipeTests;
				PRODUCT_NAME = "$(TARGET_NAME)";
				SWIFT_VERSION = 4.0;
				TARGETED_DEVICE_FAMILY = "1,2";
				TEST_HOST = "$(BUILT_PRODUCTS_DIR)/Wetswipe.app/Wetswipe";
			};
			name = Debug;
		};
		E983017A2041544B0053254B /* Release */ = {
			isa = XCBuildConfiguration;
			baseConfigurationReference = DE6502CBC415C5F5CAE4DF94 /* Pods-WetswipeTests.release.xcconfig */;
			buildSettings = {
				ALWAYS_EMBED_SWIFT_STANDARD_LIBRARIES = YES;
				BUNDLE_LOADER = "$(TEST_HOST)";
				CODE_SIGN_STYLE = Automatic;
				INFOPLIST_FILE = WetswipeTests/Info.plist;
				LD_RUNPATH_SEARCH_PATHS = "$(inherited) @executable_path/Frameworks @loader_path/Frameworks";
				PRODUCT_BUNDLE_IDENTIFIER = LaSalle.WetswipeTests;
				PRODUCT_NAME = "$(TARGET_NAME)";
				SWIFT_VERSION = 4.0;
				TARGETED_DEVICE_FAMILY = "1,2";
				TEST_HOST = "$(BUILT_PRODUCTS_DIR)/Wetswipe.app/Wetswipe";
			};
			name = Release;
		};
		E983017C2041544B0053254B /* Debug */ = {
			isa = XCBuildConfiguration;
			baseConfigurationReference = 8C3CC1EF1462E5A3F9322985 /* Pods-WetswipeUITests.debug.xcconfig */;
			buildSettings = {
				ALWAYS_EMBED_SWIFT_STANDARD_LIBRARIES = YES;
				CODE_SIGN_STYLE = Automatic;
				INFOPLIST_FILE = WetswipeUITests/Info.plist;
				LD_RUNPATH_SEARCH_PATHS = "$(inherited) @executable_path/Frameworks @loader_path/Frameworks";
				PRODUCT_BUNDLE_IDENTIFIER = LaSalle.WetswipeUITests;
				PRODUCT_NAME = "$(TARGET_NAME)";
				SWIFT_VERSION = 4.0;
				TARGETED_DEVICE_FAMILY = "1,2";
				TEST_TARGET_NAME = Wetswipe;
			};
			name = Debug;
		};
		E983017D2041544B0053254B /* Release */ = {
			isa = XCBuildConfiguration;
			baseConfigurationReference = 8DD94823B88DC4EB4CC5B19D /* Pods-WetswipeUITests.release.xcconfig */;
			buildSettings = {
				ALWAYS_EMBED_SWIFT_STANDARD_LIBRARIES = YES;
				CODE_SIGN_STYLE = Automatic;
				INFOPLIST_FILE = WetswipeUITests/Info.plist;
				LD_RUNPATH_SEARCH_PATHS = "$(inherited) @executable_path/Frameworks @loader_path/Frameworks";
				PRODUCT_BUNDLE_IDENTIFIER = LaSalle.WetswipeUITests;
				PRODUCT_NAME = "$(TARGET_NAME)";
				SWIFT_VERSION = 4.0;
				TARGETED_DEVICE_FAMILY = "1,2";
				TEST_TARGET_NAME = Wetswipe;
			};
			name = Release;
		};
/* End XCBuildConfiguration section */

/* Begin XCConfigurationList section */
		E98301482041544B0053254B /* Build configuration list for PBXProject "Wetswipe" */ = {
			isa = XCConfigurationList;
			buildConfigurations = (
				E98301732041544B0053254B /* Debug */,
				E98301742041544B0053254B /* Release */,
			);
			defaultConfigurationIsVisible = 0;
			defaultConfigurationName = Release;
		};
		E98301752041544B0053254B /* Build configuration list for PBXNativeTarget "Wetswipe" */ = {
			isa = XCConfigurationList;
			buildConfigurations = (
				E98301762041544B0053254B /* Debug */,
				E98301772041544B0053254B /* Release */,
			);
			defaultConfigurationIsVisible = 0;
			defaultConfigurationName = Release;
		};
		E98301782041544B0053254B /* Build configuration list for PBXNativeTarget "WetswipeTests" */ = {
			isa = XCConfigurationList;
			buildConfigurations = (
				E98301792041544B0053254B /* Debug */,
				E983017A2041544B0053254B /* Release */,
			);
			defaultConfigurationIsVisible = 0;
			defaultConfigurationName = Release;
		};
		E983017B2041544B0053254B /* Build configuration list for PBXNativeTarget "WetswipeUITests" */ = {
			isa = XCConfigurationList;
			buildConfigurations = (
				E983017C2041544B0053254B /* Debug */,
				E983017D2041544B0053254B /* Release */,
			);
			defaultConfigurationIsVisible = 0;
			defaultConfigurationName = Release;
		};
/* End XCConfigurationList section */
	};
	rootObject = E98301452041544B0053254B /* Project object */;
}
